
Microsoft Visual Studio Solution File, Format Version 11.00
# Visual Studio 2010
Project("{8BC9CEB8-8B4A-11D0-8D11-00A0C91BC942}") = "Venus", "Venus\Venus.vcxproj", "{207DCCB8-60B0-4108-8708-6DEFDB291436}"
EndProject
Global
	GlobalSection(SolutionConfigurationPlatforms) = preSolution
		Debug|Win32 = Debug|Win32
		Release|Win32 = Release|Win32
	EndGlobalSection
	GlobalSection(ProjectConfigurationPlatforms) = postSolution
		{207DCCB8-60B0-4108-8708-6DEFDB291436}.Debug|Win32.ActiveCfg = Debug|Win32
		{207DCCB8-60B0-4108-8708-6DEFDB291436}.Debug|Win32.Build.0 = Debug|Win32
		{207DCCB8-60B0-4108-8708-6DEFDB291436}.Release|Win32.ActiveCfg = Release|Win32
		{207DCCB8-60B0-4108-8708-6DEFDB291436}.Release|Win32.Build.0 = Release|Win32
	EndGlobalSection
	GlobalSection(SolutionProperties) = preSolution
		HideSolutionNode = FALSE
	EndGlobalSection
EndGlobal
